
Microsoft Visual Studio Solution File, Format Version 12.00
# Visual Studio Version 17
VisualStudioVersion = 17.5.002.0
MinimumVisualStudioVersion = 10.0.40219.1
Project("{9A19103F-16F7-4668-BE54-9A1E7A4F7556}") = "ExotischNederland_Console", "ExotischNederland_Console.csproj", "{5515B2D3-9E04-4E74-B99F-298446774677}"
EndProject
Global
	GlobalSection(SolutionConfigurationPlatforms) = preSolution
		Debug|Any CPU = Debug|Any CPU
		Release|Any CPU = Release|Any CPU
	EndGlobalSection
	GlobalSection(ProjectConfigurationPlatforms) = postSolution
		{5515B2D3-9E04-4E74-B99F-298446774677}.Debug|Any CPU.ActiveCfg = Debug|Any CPU
		{5515B2D3-9E04-4E74-B99F-298446774677}.Debug|Any CPU.Build.0 = Debug|Any CPU
		{5515B2D3-9E04-4E74-B99F-298446774677}.Release|Any CPU.ActiveCfg = Release|Any CPU
		{5515B2D3-9E04-4E74-B99F-298446774677}.Release|Any CPU.Build.0 = Release|Any CPU
	EndGlobalSection
	GlobalSection(SolutionProperties) = preSolution
		HideSolutionNode = FALSE
	EndGlobalSection
	GlobalSection(ExtensibilityGlobals) = postSolution
		SolutionGuid = {AA175E2C-D30E-4AFF-83BC-21E5C7176DD0}
	EndGlobalSection
EndGlobal
